// !$*UTF8*$!
{
	archiveVersion = 1;
	classes = {
	};
	objectVersion = 56;
	objects = {

/* Begin PBXBuildFile section */
		478408172C2D0B1C00FEE9CF /* TeleportMobileApp.swift in Sources */ = {isa = PBXBuildFile; fileRef = 478408162C2D0B1C00FEE9CF /* TeleportMobileApp.swift */; };
		478408192C2D0B1C00FEE9CF /* ContentView.swift in Sources */ = {isa = PBXBuildFile; fileRef = 478408182C2D0B1C00FEE9CF /* ContentView.swift */; };
		4784081B2C2D0B1D00FEE9CF /* Assets.xcassets in Resources */ = {isa = PBXBuildFile; fileRef = 4784081A2C2D0B1D00FEE9CF /* Assets.xcassets */; };
		4784081F2C2D0B1D00FEE9CF /* Preview Assets.xcassets in Resources */ = {isa = PBXBuildFile; fileRef = 4784081E2C2D0B1D00FEE9CF /* Preview Assets.xcassets */; };
		478408292C2D0B1D00FEE9CF /* TeleportMobileTests.swift in Sources */ = {isa = PBXBuildFile; fileRef = 478408282C2D0B1D00FEE9CF /* TeleportMobileTests.swift */; };
		478408332C2D0B1D00FEE9CF /* TeleportMobileUITests.swift in Sources */ = {isa = PBXBuildFile; fileRef = 478408322C2D0B1D00FEE9CF /* TeleportMobileUITests.swift */; };
		478408352C2D0B1D00FEE9CF /* TeleportMobileUITestsLaunchTests.swift in Sources */ = {isa = PBXBuildFile; fileRef = 478408342C2D0B1D00FEE9CF /* TeleportMobileUITestsLaunchTests.swift */; };
/* End PBXBuildFile section */

/* Begin PBXContainerItemProxy section */
		478408252C2D0B1D00FEE9CF /* PBXContainerItemProxy */ = {
			isa = PBXContainerItemProxy;
			containerPortal = 4784080B2C2D0B1C00FEE9CF /* Project object */;
			proxyType = 1;
			remoteGlobalIDString = 478408122C2D0B1C00FEE9CF;
			remoteInfo = TeleportMobile;
		};
		4784082F2C2D0B1D00FEE9CF /* PBXContainerItemProxy */ = {
			isa = PBXContainerItemProxy;
			containerPortal = 4784080B2C2D0B1C00FEE9CF /* Project object */;
			proxyType = 1;
			remoteGlobalIDString = 478408122C2D0B1C00FEE9CF;
			remoteInfo = TeleportMobile;
		};
/* End PBXContainerItemProxy section */

/* Begin PBXFileReference section */
		478408132C2D0B1C00FEE9CF /* TeleportMobile.app */ = {isa = PBXFileReference; explicitFileType = wrapper.application; includeInIndex = 0; path = TeleportMobile.app; sourceTree = BUILT_PRODUCTS_DIR; };
		478408162C2D0B1C00FEE9CF /* TeleportMobileApp.swift */ = {isa = PBXFileReference; lastKnownFileType = sourcecode.swift; path = TeleportMobileApp.swift; sourceTree = "<group>"; };
		478408182C2D0B1C00FEE9CF /* ContentView.swift */ = {isa = PBXFileReference; lastKnownFileType = sourcecode.swift; path = ContentView.swift; sourceTree = "<group>"; };
		4784081A2C2D0B1D00FEE9CF /* Assets.xcassets */ = {isa = PBXFileReference; lastKnownFileType = folder.assetcatalog; path = Assets.xcassets; sourceTree = "<group>"; };
		4784081C2C2D0B1D00FEE9CF /* TeleportMobile.entitlements */ = {isa = PBXFileReference; lastKnownFileType = text.plist.entitlements; path = TeleportMobile.entitlements; sourceTree = "<group>"; };
		4784081E2C2D0B1D00FEE9CF /* Preview Assets.xcassets */ = {isa = PBXFileReference; lastKnownFileType = folder.assetcatalog; path = "Preview Assets.xcassets"; sourceTree = "<group>"; };
		478408242C2D0B1D00FEE9CF /* TeleportMobileTests.xctest */ = {isa = PBXFileReference; explicitFileType = wrapper.cfbundle; includeInIndex = 0; path = TeleportMobileTests.xctest; sourceTree = BUILT_PRODUCTS_DIR; };
		478408282C2D0B1D00FEE9CF /* TeleportMobileTests.swift */ = {isa = PBXFileReference; lastKnownFileType = sourcecode.swift; path = TeleportMobileTests.swift; sourceTree = "<group>"; };
		4784082E2C2D0B1D00FEE9CF /* TeleportMobileUITests.xctest */ = {isa = PBXFileReference; explicitFileType = wrapper.cfbundle; includeInIndex = 0; path = TeleportMobileUITests.xctest; sourceTree = BUILT_PRODUCTS_DIR; };
		478408322C2D0B1D00FEE9CF /* TeleportMobileUITests.swift */ = {isa = PBXFileReference; lastKnownFileType = sourcecode.swift; path = TeleportMobileUITests.swift; sourceTree = "<group>"; };
		478408342C2D0B1D00FEE9CF /* TeleportMobileUITestsLaunchTests.swift */ = {isa = PBXFileReference; lastKnownFileType = sourcecode.swift; path = TeleportMobileUITestsLaunchTests.swift; sourceTree = "<group>"; };
/* End PBXFileReference section */

/* Begin PBXFrameworksBuildPhase section */
		478408102C2D0B1C00FEE9CF /* Frameworks */ = {
			isa = PBXFrameworksBuildPhase;
			buildActionMask = 2147483647;
			files = (
			);
			runOnlyForDeploymentPostprocessing = 0;
		};
		478408212C2D0B1D00FEE9CF /* Frameworks */ = {
			isa = PBXFrameworksBuildPhase;
			buildActionMask = 2147483647;
			files = (
			);
			runOnlyForDeploymentPostprocessing = 0;
		};
		4784082B2C2D0B1D00FEE9CF /* Frameworks */ = {
			isa = PBXFrameworksBuildPhase;
			buildActionMask = 2147483647;
			files = (
			);
			runOnlyForDeploymentPostprocessing = 0;
		};
/* End PBXFrameworksBuildPhase section */

/* Begin PBXGroup section */
		4784080A2C2D0B1C00FEE9CF = {
			isa = PBXGroup;
			children = (
				478408152C2D0B1C00FEE9CF /* TeleportMobile */,
				478408272C2D0B1D00FEE9CF /* TeleportMobileTests */,
				478408312C2D0B1D00FEE9CF /* TeleportMobileUITests */,
				478408142C2D0B1C00FEE9CF /* Products */,
			);
			sourceTree = "<group>";
		};
		478408142C2D0B1C00FEE9CF /* Products */ = {
			isa = PBXGroup;
			children = (
				478408132C2D0B1C00FEE9CF /* TeleportMobile.app */,
				478408242C2D0B1D00FEE9CF /* TeleportMobileTests.xctest */,
				4784082E2C2D0B1D00FEE9CF /* TeleportMobileUITests.xctest */,
			);
			name = Products;
			sourceTree = "<group>";
		};
		478408152C2D0B1C00FEE9CF /* TeleportMobile */ = {
			isa = PBXGroup;
			children = (
				478408162C2D0B1C00FEE9CF /* TeleportMobileApp.swift */,
				478408182C2D0B1C00FEE9CF /* ContentView.swift */,
				4784081A2C2D0B1D00FEE9CF /* Assets.xcassets */,
				4784081C2C2D0B1D00FEE9CF /* TeleportMobile.entitlements */,
				4784081D2C2D0B1D00FEE9CF /* Preview Content */,
			);
			path = TeleportMobile;
			sourceTree = "<group>";
		};
		4784081D2C2D0B1D00FEE9CF /* Preview Content */ = {
			isa = PBXGroup;
			children = (
				4784081E2C2D0B1D00FEE9CF /* Preview Assets.xcassets */,
			);
			path = "Preview Content";
			sourceTree = "<group>";
		};
		478408272C2D0B1D00FEE9CF /* TeleportMobileTests */ = {
			isa = PBXGroup;
			children = (
				478408282C2D0B1D00FEE9CF /* TeleportMobileTests.swift */,
			);
			path = TeleportMobileTests;
			sourceTree = "<group>";
		};
		478408312C2D0B1D00FEE9CF /* TeleportMobileUITests */ = {
			isa = PBXGroup;
			children = (
				478408322C2D0B1D00FEE9CF /* TeleportMobileUITests.swift */,
				478408342C2D0B1D00FEE9CF /* TeleportMobileUITestsLaunchTests.swift */,
			);
			path = TeleportMobileUITests;
			sourceTree = "<group>";
		};
/* End PBXGroup section */

/* Begin PBXNativeTarget section */
		478408122C2D0B1C00FEE9CF /* TeleportMobile */ = {
			isa = PBXNativeTarget;
			buildConfigurationList = 478408382C2D0B1D00FEE9CF /* Build configuration list for PBXNativeTarget "TeleportMobile" */;
			buildPhases = (
				4784080F2C2D0B1C00FEE9CF /* Sources */,
				478408102C2D0B1C00FEE9CF /* Frameworks */,
				478408112C2D0B1C00FEE9CF /* Resources */,
			);
			buildRules = (
			);
			dependencies = (
			);
			name = TeleportMobile;
			productName = TeleportMobile;
			productReference = 478408132C2D0B1C00FEE9CF /* TeleportMobile.app */;
			productType = "com.apple.product-type.application";
		};
		478408232C2D0B1D00FEE9CF /* TeleportMobileTests */ = {
			isa = PBXNativeTarget;
			buildConfigurationList = 4784083B2C2D0B1D00FEE9CF /* Build configuration list for PBXNativeTarget "TeleportMobileTests" */;
			buildPhases = (
				478408202C2D0B1D00FEE9CF /* Sources */,
				478408212C2D0B1D00FEE9CF /* Frameworks */,
				478408222C2D0B1D00FEE9CF /* Resources */,
			);
			buildRules = (
			);
			dependencies = (
				478408262C2D0B1D00FEE9CF /* PBXTargetDependency */,
			);
			name = TeleportMobileTests;
			productName = TeleportMobileTests;
			productReference = 478408242C2D0B1D00FEE9CF /* TeleportMobileTests.xctest */;
			productType = "com.apple.product-type.bundle.unit-test";
		};
		4784082D2C2D0B1D00FEE9CF /* TeleportMobileUITests */ = {
			isa = PBXNativeTarget;
			buildConfigurationList = 4784083E2C2D0B1D00FEE9CF /* Build configuration list for PBXNativeTarget "TeleportMobileUITests" */;
			buildPhases = (
				4784082A2C2D0B1D00FEE9CF /* Sources */,
				4784082B2C2D0B1D00FEE9CF /* Frameworks */,
				4784082C2C2D0B1D00FEE9CF /* Resources */,
			);
			buildRules = (
			);
			dependencies = (
				478408302C2D0B1D00FEE9CF /* PBXTargetDependency */,
			);
			name = TeleportMobileUITests;
			productName = TeleportMobileUITests;
			productReference = 4784082E2C2D0B1D00FEE9CF /* TeleportMobileUITests.xctest */;
			productType = "com.apple.product-type.bundle.ui-testing";
		};
/* End PBXNativeTarget section */

/* Begin PBXProject section */
		4784080B2C2D0B1C00FEE9CF /* Project object */ = {
			isa = PBXProject;
			attributes = {
				BuildIndependentTargetsInParallel = 1;
				LastSwiftUpdateCheck = 1500;
				LastUpgradeCheck = 1500;
				TargetAttributes = {
					478408122C2D0B1C00FEE9CF = {
						CreatedOnToolsVersion = 15.0;
					};
					478408232C2D0B1D00FEE9CF = {
						CreatedOnToolsVersion = 15.0;
						TestTargetID = 478408122C2D0B1C00FEE9CF;
					};
					4784082D2C2D0B1D00FEE9CF = {
						CreatedOnToolsVersion = 15.0;
						TestTargetID = 478408122C2D0B1C00FEE9CF;
					};
				};
			};
			buildConfigurationList = 4784080E2C2D0B1C00FEE9CF /* Build configuration list for PBXProject "TeleportMobile" */;
			compatibilityVersion = "Xcode 14.0";
			developmentRegion = en;
			hasScannedForEncodings = 0;
			knownRegions = (
				en,
				Base,
			);
			mainGroup = 4784080A2C2D0B1C00FEE9CF;
			productRefGroup = 478408142C2D0B1C00FEE9CF /* Products */;
			projectDirPath = "";
			projectRoot = "";
			targets = (
				478408122C2D0B1C00FEE9CF /* TeleportMobile */,
				478408232C2D0B1D00FEE9CF /* TeleportMobileTests */,
				4784082D2C2D0B1D00FEE9CF /* TeleportMobileUITests */,
			);
		};
/* End PBXProject section */

/* Begin PBXResourcesBuildPhase section */
		478408112C2D0B1C00FEE9CF /* Resources */ = {
			isa = PBXResourcesBuildPhase;
			buildActionMask = 2147483647;
			files = (
				4784081F2C2D0B1D00FEE9CF /* Preview Assets.xcassets in Resources */,
				4784081B2C2D0B1D00FEE9CF /* Assets.xcassets in Resources */,
			);
			runOnlyForDeploymentPostprocessing = 0;
		};
		478408222C2D0B1D00FEE9CF /* Resources */ = {
			isa = PBXResourcesBuildPhase;
			buildActionMask = 2147483647;
			files = (
			);
			runOnlyForDeploymentPostprocessing = 0;
		};
		4784082C2C2D0B1D00FEE9CF /* Resources */ = {
			isa = PBXResourcesBuildPhase;
			buildActionMask = 2147483647;
			files = (
			);
			runOnlyForDeploymentPostprocessing = 0;
		};
/* End PBXResourcesBuildPhase section */

/* Begin PBXSourcesBuildPhase section */
		4784080F2C2D0B1C00FEE9CF /* Sources */ = {
			isa = PBXSourcesBuildPhase;
			buildActionMask = 2147483647;
			files = (
				478408192C2D0B1C00FEE9CF /* ContentView.swift in Sources */,
				478408172C2D0B1C00FEE9CF /* TeleportMobileApp.swift in Sources */,
			);
			runOnlyForDeploymentPostprocessing = 0;
		};
		478408202C2D0B1D00FEE9CF /* Sources */ = {
			isa = PBXSourcesBuildPhase;
			buildActionMask = 2147483647;
			files = (
				478408292C2D0B1D00FEE9CF /* TeleportMobileTests.swift in Sources */,
			);
			runOnlyForDeploymentPostprocessing = 0;
		};
		4784082A2C2D0B1D00FEE9CF /* Sources */ = {
			isa = PBXSourcesBuildPhase;
			buildActionMask = 2147483647;
			files = (
				478408332C2D0B1D00FEE9CF /* TeleportMobileUITests.swift in Sources */,
				478408352C2D0B1D00FEE9CF /* TeleportMobileUITestsLaunchTests.swift in Sources */,
			);
			runOnlyForDeploymentPostprocessing = 0;
		};
/* End PBXSourcesBuildPhase section */

/* Begin PBXTargetDependency section */
		478408262C2D0B1D00FEE9CF /* PBXTargetDependency */ = {
			isa = PBXTargetDependency;
			target = 478408122C2D0B1C00FEE9CF /* TeleportMobile */;
			targetProxy = 478408252C2D0B1D00FEE9CF /* PBXContainerItemProxy */;
		};
		478408302C2D0B1D00FEE9CF /* PBXTargetDependency */ = {
			isa = PBXTargetDependency;
			target = 478408122C2D0B1C00FEE9CF /* TeleportMobile */;
			targetProxy = 4784082F2C2D0B1D00FEE9CF /* PBXContainerItemProxy */;
		};
/* End PBXTargetDependency section */

/* Begin XCBuildConfiguration section */
		478408362C2D0B1D00FEE9CF /* Debug */ = {
			isa = XCBuildConfiguration;
			buildSettings = {
				ALWAYS_SEARCH_USER_PATHS = NO;
				ASSETCATALOG_COMPILER_GENERATE_SWIFT_ASSET_SYMBOL_EXTENSIONS = YES;
				CLANG_ANALYZER_NONNULL = YES;
				CLANG_ANALYZER_NUMBER_OBJECT_CONVERSION = YES_AGGRESSIVE;
				CLANG_CXX_LANGUAGE_STANDARD = "gnu++20";
				CLANG_ENABLE_MODULES = YES;
				CLANG_ENABLE_OBJC_ARC = YES;
				CLANG_ENABLE_OBJC_WEAK = YES;
				CLANG_WARN_BLOCK_CAPTURE_AUTORELEASING = YES;
				CLANG_WARN_BOOL_CONVERSION = YES;
				CLANG_WARN_COMMA = YES;
				CLANG_WARN_CONSTANT_CONVERSION = YES;
				CLANG_WARN_DEPRECATED_OBJC_IMPLEMENTATIONS = YES;
				CLANG_WARN_DIRECT_OBJC_ISA_USAGE = YES_ERROR;
				CLANG_WARN_DOCUMENTATION_COMMENTS = YES;
				CLANG_WARN_EMPTY_BODY = YES;
				CLANG_WARN_ENUM_CONVERSION = YES;
				CLANG_WARN_INFINITE_RECURSION = YES;
				CLANG_WARN_INT_CONVERSION = YES;
				CLANG_WARN_NON_LITERAL_NULL_CONVERSION = YES;
				CLANG_WARN_OBJC_IMPLICIT_RETAIN_SELF = YES;
				CLANG_WARN_OBJC_LITERAL_CONVERSION = YES;
				CLANG_WARN_OBJC_ROOT_CLASS = YES_ERROR;
				CLANG_WARN_QUOTED_INCLUDE_IN_FRAMEWORK_HEADER = YES;
				CLANG_WARN_RANGE_LOOP_ANALYSIS = YES;
				CLANG_WARN_STRICT_PROTOTYPES = YES;
				CLANG_WARN_SUSPICIOUS_MOVE = YES;
				CLANG_WARN_UNGUARDED_AVAILABILITY = YES_AGGRESSIVE;
				CLANG_WARN_UNREACHABLE_CODE = YES;
				CLANG_WARN__DUPLICATE_METHOD_MATCH = YES;
				COPY_PHASE_STRIP = NO;
				DEBUG_INFORMATION_FORMAT = dwarf;
				ENABLE_STRICT_OBJC_MSGSEND = YES;
				ENABLE_TESTABILITY = YES;
				ENABLE_USER_SCRIPT_SANDBOXING = YES;
				GCC_C_LANGUAGE_STANDARD = gnu17;
				GCC_DYNAMIC_NO_PIC = NO;
				GCC_NO_COMMON_BLOCKS = YES;
				GCC_OPTIMIZATION_LEVEL = 0;
				GCC_PREPROCESSOR_DEFINITIONS = (
					"DEBUG=1",
					"$(inherited)",
				);
				GCC_WARN_64_TO_32_BIT_CONVERSION = YES;
				GCC_WARN_ABOUT_RETURN_TYPE = YES_ERROR;
				GCC_WARN_UNDECLARED_SELECTOR = YES;
				GCC_WARN_UNINITIALIZED_AUTOS = YES_AGGRESSIVE;
				GCC_WARN_UNUSED_FUNCTION = YES;
				GCC_WARN_UNUSED_VARIABLE = YES;
				LOCALIZATION_PREFERS_STRING_CATALOGS = YES;
				MTL_ENABLE_DEBUG_INFO = INCLUDE_SOURCE;
				MTL_FAST_MATH = YES;
				ONLY_ACTIVE_ARCH = YES;
				SWIFT_ACTIVE_COMPILATION_CONDITIONS = "DEBUG $(inherited)";
				SWIFT_OPTIMIZATION_LEVEL = "-Onone";
			};
			name = Debug;
		};
		478408372C2D0B1D00FEE9CF /* Release */ = {
			isa = XCBuildConfiguration;
			buildSettings = {
				ALWAYS_SEARCH_USER_PATHS = NO;
				ASSETCATALOG_COMPILER_GENERATE_SWIFT_ASSET_SYMBOL_EXTENSIONS = YES;
				CLANG_ANALYZER_NONNULL = YES;
				CLANG_ANALYZER_NUMBER_OBJECT_CONVERSION = YES_AGGRESSIVE;
				CLANG_CXX_LANGUAGE_STANDARD = "gnu++20";
				CLANG_ENABLE_MODULES = YES;
				CLANG_ENABLE_OBJC_ARC = YES;
				CLANG_ENABLE_OBJC_WEAK = YES;
				CLANG_WARN_BLOCK_CAPTURE_AUTORELEASING = YES;
				CLANG_WARN_BOOL_CONVERSION = YES;
				CLANG_WARN_COMMA = YES;
				CLANG_WARN_CONSTANT_CONVERSION = YES;
				CLANG_WARN_DEPRECATED_OBJC_IMPLEMENTATIONS = YES;
				CLANG_WARN_DIRECT_OBJC_ISA_USAGE = YES_ERROR;
				CLANG_WARN_DOCUMENTATION_COMMENTS = YES;
				CLANG_WARN_EMPTY_BODY = YES;
				CLANG_WARN_ENUM_CONVERSION = YES;
				CLANG_WARN_INFINITE_RECURSION = YES;
				CLANG_WARN_INT_CONVERSION = YES;
				CLANG_WARN_NON_LITERAL_NULL_CONVERSION = YES;
				CLANG_WARN_OBJC_IMPLICIT_RETAIN_SELF = YES;
				CLANG_WARN_OBJC_LITERAL_CONVERSION = YES;
				CLANG_WARN_OBJC_ROOT_CLASS = YES_ERROR;
				CLANG_WARN_QUOTED_INCLUDE_IN_FRAMEWORK_HEADER = YES;
				CLANG_WARN_RANGE_LOOP_ANALYSIS = YES;
				CLANG_WARN_STRICT_PROTOTYPES = YES;
				CLANG_WARN_SUSPICIOUS_MOVE = YES;
				CLANG_WARN_UNGUARDED_AVAILABILITY = YES_AGGRESSIVE;
				CLANG_WARN_UNREACHABLE_CODE = YES;
				CLANG_WARN__DUPLICATE_METHOD_MATCH = YES;
				COPY_PHASE_STRIP = NO;
				DEBUG_INFORMATION_FORMAT = "dwarf-with-dsym";
				ENABLE_NS_ASSERTIONS = NO;
				ENABLE_STRICT_OBJC_MSGSEND = YES;
				ENABLE_USER_SCRIPT_SANDBOXING = YES;
				GCC_C_LANGUAGE_STANDARD = gnu17;
				GCC_NO_COMMON_BLOCKS = YES;
				GCC_WARN_64_TO_32_BIT_CONVERSION = YES;
				GCC_WARN_ABOUT_RETURN_TYPE = YES_ERROR;
				GCC_WARN_UNDECLARED_SELECTOR = YES;
				GCC_WARN_UNINITIALIZED_AUTOS = YES_AGGRESSIVE;
				GCC_WARN_UNUSED_FUNCTION = YES;
				GCC_WARN_UNUSED_VARIABLE = YES;
				LOCALIZATION_PREFERS_STRING_CATALOGS = YES;
				MTL_ENABLE_DEBUG_INFO = NO;
				MTL_FAST_MATH = YES;
				SWIFT_COMPILATION_MODE = wholemodule;
			};
			name = Release;
		};
		478408392C2D0B1D00FEE9CF /* Debug */ = {
			isa = XCBuildConfiguration;
			buildSettings = {
				ASSETCATALOG_COMPILER_APPICON_NAME = AppIcon;
				ASSETCATALOG_COMPILER_GLOBAL_ACCENT_COLOR_NAME = AccentColor;
				CODE_SIGN_ENTITLEMENTS = TeleportMobile/TeleportMobile.entitlements;
				CODE_SIGN_STYLE = Automatic;
				CURRENT_PROJECT_VERSION = 1;
				DEVELOPMENT_ASSET_PATHS = "\"TeleportMobile/Preview Content\"";
				ENABLE_PREVIEWS = YES;
				GENERATE_INFOPLIST_FILE = YES;
				"INFOPLIST_KEY_UIApplicationSceneManifest_Generation[sdk=iphoneos*]" = YES;
				"INFOPLIST_KEY_UIApplicationSceneManifest_Generation[sdk=iphonesimulator*]" = YES;
				"INFOPLIST_KEY_UIApplicationSupportsIndirectInputEvents[sdk=iphoneos*]" = YES;
				"INFOPLIST_KEY_UIApplicationSupportsIndirectInputEvents[sdk=iphonesimulator*]" = YES;
				"INFOPLIST_KEY_UILaunchScreen_Generation[sdk=iphoneos*]" = YES;
				"INFOPLIST_KEY_UILaunchScreen_Generation[sdk=iphonesimulator*]" = YES;
				"INFOPLIST_KEY_UIStatusBarStyle[sdk=iphoneos*]" = UIStatusBarStyleDefault;
				"INFOPLIST_KEY_UIStatusBarStyle[sdk=iphonesimulator*]" = UIStatusBarStyleDefault;
				INFOPLIST_KEY_UISupportedInterfaceOrientations_iPad = "UIInterfaceOrientationPortrait UIInterfaceOrientationPortraitUpsideDown UIInterfaceOrientationLandscapeLeft UIInterfaceOrientationLandscapeRight";
				INFOPLIST_KEY_UISupportedInterfaceOrientations_iPhone = "UIInterfaceOrientationPortrait UIInterfaceOrientationLandscapeLeft UIInterfaceOrientationLandscapeRight";
				IPHONEOS_DEPLOYMENT_TARGET = 17.0;
				LD_RUNPATH_SEARCH_PATHS = "@executable_path/Frameworks";
				"LD_RUNPATH_SEARCH_PATHS[sdk=macosx*]" = "@executable_path/../Frameworks";
				MACOSX_DEPLOYMENT_TARGET = 14.0;
				MARKETING_VERSION = 1.0;
				PRODUCT_BUNDLE_IDENTIFIER = com.teleportxyz.app.TeleportMobile;
				PRODUCT_NAME = "$(TARGET_NAME)";
				SDKROOT = auto;
				SUPPORTED_PLATFORMS = "iphoneos iphonesimulator macosx";
				SWIFT_EMIT_LOC_STRINGS = YES;
				SWIFT_VERSION = 5.0;
				TARGETED_DEVICE_FAMILY = "1,2";
			};
			name = Debug;
		};
		4784083A2C2D0B1D00FEE9CF /* Release */ = {
			isa = XCBuildConfiguration;
			buildSettings = {
				ASSETCATALOG_COMPILER_APPICON_NAME = AppIcon;
				ASSETCATALOG_COMPILER_GLOBAL_ACCENT_COLOR_NAME = AccentColor;
				CODE_SIGN_ENTITLEMENTS = TeleportMobile/TeleportMobile.entitlements;
				CODE_SIGN_STYLE = Automatic;
				CURRENT_PROJECT_VERSION = 1;
				DEVELOPMENT_ASSET_PATHS = "\"TeleportMobile/Preview Content\"";
				ENABLE_PREVIEWS = YES;
				GENERATE_INFOPLIST_FILE = YES;
				"INFOPLIST_KEY_UIApplicationSceneManifest_Generation[sdk=iphoneos*]" = YES;
				"INFOPLIST_KEY_UIApplicationSceneManifest_Generation[sdk=iphonesimulator*]" = YES;
				"INFOPLIST_KEY_UIApplicationSupportsIndirectInputEvents[sdk=iphoneos*]" = YES;
				"INFOPLIST_KEY_UIApplicationSupportsIndirectInputEvents[sdk=iphonesimulator*]" = YES;
				"INFOPLIST_KEY_UILaunchScreen_Generation[sdk=iphoneos*]" = YES;
				"INFOPLIST_KEY_UILaunchScreen_Generation[sdk=iphonesimulator*]" = YES;
				"INFOPLIST_KEY_UIStatusBarStyle[sdk=iphoneos*]" = UIStatusBarStyleDefault;
				"INFOPLIST_KEY_UIStatusBarStyle[sdk=iphonesimulator*]" = UIStatusBarStyleDefault;
				INFOPLIST_KEY_UISupportedInterfaceOrientations_iPad = "UIInterfaceOrientationPortrait UIInterfaceOrientationPortraitUpsideDown UIInterfaceOrientationLandscapeLeft UIInterfaceOrientationLandscapeRight";
				INFOPLIST_KEY_UISupportedInterfaceOrientations_iPhone = "UIInterfaceOrientationPortrait UIInterfaceOrientationLandscapeLeft UIInterfaceOrientationLandscapeRight";
				IPHONEOS_DEPLOYMENT_TARGET = 17.0;
				LD_RUNPATH_SEARCH_PATHS = "@executable_path/Frameworks";
				"LD_RUNPATH_SEARCH_PATHS[sdk=macosx*]" = "@executable_path/../Frameworks";
				MACOSX_DEPLOYMENT_TARGET = 14.0;
				MARKETING_VERSION = 1.0;
				PRODUCT_BUNDLE_IDENTIFIER = com.teleportxyz.app.TeleportMobile;
				PRODUCT_NAME = "$(TARGET_NAME)";
				SDKROOT = auto;
				SUPPORTED_PLATFORMS = "iphoneos iphonesimulator macosx";
				SWIFT_EMIT_LOC_STRINGS = YES;
				SWIFT_VERSION = 5.0;
				TARGETED_DEVICE_FAMILY = "1,2";
			};
			name = Release;
		};
		4784083C2C2D0B1D00FEE9CF /* Debug */ = {
			isa = XCBuildConfiguration;
			buildSettings = {
				ALWAYS_EMBED_SWIFT_STANDARD_LIBRARIES = YES;
				BUNDLE_LOADER = "$(TEST_HOST)";
				CODE_SIGN_STYLE = Automatic;
				CURRENT_PROJECT_VERSION = 1;
				GENERATE_INFOPLIST_FILE = YES;
				IPHONEOS_DEPLOYMENT_TARGET = 17.0;
				MACOSX_DEPLOYMENT_TARGET = 14.0;
				MARKETING_VERSION = 1.0;
				PRODUCT_BUNDLE_IDENTIFIER = com.teleportxyz.app.TeleportMobileTests;
				PRODUCT_NAME = "$(TARGET_NAME)";
				SDKROOT = auto;
				SUPPORTED_PLATFORMS = "iphoneos iphonesimulator macosx";
				SWIFT_EMIT_LOC_STRINGS = NO;
				SWIFT_VERSION = 5.0;
				TARGETED_DEVICE_FAMILY = "1,2";
				TEST_HOST = "$(BUILT_PRODUCTS_DIR)/TeleportMobile.app/$(BUNDLE_EXECUTABLE_FOLDER_PATH)/TeleportMobile";
			};
			name = Debug;
		};
		4784083D2C2D0B1D00FEE9CF /* Release */ = {
			isa = XCBuildConfiguration;
			buildSettings = {
				ALWAYS_EMBED_SWIFT_STANDARD_LIBRARIES = YES;
				BUNDLE_LOADER = "$(TEST_HOST)";
				CODE_SIGN_STYLE = Automatic;
				CURRENT_PROJECT_VERSION = 1;
				GENERATE_INFOPLIST_FILE = YES;
				IPHONEOS_DEPLOYMENT_TARGET = 17.0;
				MACOSX_DEPLOYMENT_TARGET = 14.0;
				MARKETING_VERSION = 1.0;
				PRODUCT_BUNDLE_IDENTIFIER = com.teleportxyz.app.TeleportMobileTests;
				PRODUCT_NAME = "$(TARGET_NAME)";
				SDKROOT = auto;
				SUPPORTED_PLATFORMS = "iphoneos iphonesimulator macosx";
				SWIFT_EMIT_LOC_STRINGS = NO;
				SWIFT_VERSION = 5.0;
				TARGETED_DEVICE_FAMILY = "1,2";
				TEST_HOST = "$(BUILT_PRODUCTS_DIR)/TeleportMobile.app/$(BUNDLE_EXECUTABLE_FOLDER_PATH)/TeleportMobile";
			};
			name = Release;
		};
		4784083F2C2D0B1D00FEE9CF /* Debug */ = {
			isa = XCBuildConfiguration;
			buildSettings = {
				ALWAYS_EMBED_SWIFT_STANDARD_LIBRARIES = YES;
				CODE_SIGN_STYLE = Automatic;
				CURRENT_PROJECT_VERSION = 1;
				GENERATE_INFOPLIST_FILE = YES;
				IPHONEOS_DEPLOYMENT_TARGET = 17.0;
				MACOSX_DEPLOYMENT_TARGET = 14.0;
				MARKETING_VERSION = 1.0;
				PRODUCT_BUNDLE_IDENTIFIER = com.teleportxyz.app.TeleportMobileUITests;
				PRODUCT_NAME = "$(TARGET_NAME)";
				SDKROOT = auto;
				SUPPORTED_PLATFORMS = "iphoneos iphonesimulator macosx";
				SWIFT_EMIT_LOC_STRINGS = NO;
				SWIFT_VERSION = 5.0;
				TARGETED_DEVICE_FAMILY = "1,2";
				TEST_TARGET_NAME = TeleportMobile;
			};
			name = Debug;
		};
		478408402C2D0B1D00FEE9CF /* Release */ = {
			isa = XCBuildConfiguration;
			buildSettings = {
				ALWAYS_EMBED_SWIFT_STANDARD_LIBRARIES = YES;
				CODE_SIGN_STYLE = Automatic;
				CURRENT_PROJECT_VERSION = 1;
				GENERATE_INFOPLIST_FILE = YES;
				IPHONEOS_DEPLOYMENT_TARGET = 17.0;
				MACOSX_DEPLOYMENT_TARGET = 14.0;
				MARKETING_VERSION = 1.0;
				PRODUCT_BUNDLE_IDENTIFIER = com.teleportxyz.app.TeleportMobileUITests;
				PRODUCT_NAME = "$(TARGET_NAME)";
				SDKROOT = auto;
				SUPPORTED_PLATFORMS = "iphoneos iphonesimulator macosx";
				SWIFT_EMIT_LOC_STRINGS = NO;
				SWIFT_VERSION = 5.0;
				TARGETED_DEVICE_FAMILY = "1,2";
				TEST_TARGET_NAME = TeleportMobile;
			};
			name = Release;
		};
/* End XCBuildConfiguration section */

/* Begin XCConfigurationList section */
		4784080E2C2D0B1C00FEE9CF /* Build configuration list for PBXProject "TeleportMobile" */ = {
			isa = XCConfigurationList;
			buildConfigurations = (
				478408362C2D0B1D00FEE9CF /* Debug */,
				478408372C2D0B1D00FEE9CF /* Release */,
			);
			defaultConfigurationIsVisible = 0;
			defaultConfigurationName = Release;
		};
		478408382C2D0B1D00FEE9CF /* Build configuration list for PBXNativeTarget "TeleportMobile" */ = {
			isa = XCConfigurationList;
			buildConfigurations = (
				478408392C2D0B1D00FEE9CF /* Debug */,
				4784083A2C2D0B1D00FEE9CF /* Release */,
			);
			defaultConfigurationIsVisible = 0;
			defaultConfigurationName = Release;
		};
		4784083B2C2D0B1D00FEE9CF /* Build configuration list for PBXNativeTarget "TeleportMobileTests" */ = {
			isa = XCConfigurationList;
			buildConfigurations = (
				4784083C2C2D0B1D00FEE9CF /* Debug */,
				4784083D2C2D0B1D00FEE9CF /* Release */,
			);
			defaultConfigurationIsVisible = 0;
			defaultConfigurationName = Release;
		};
		4784083E2C2D0B1D00FEE9CF /* Build configuration list for PBXNativeTarget "TeleportMobileUITests" */ = {
			isa = XCConfigurationList;
			buildConfigurations = (
				4784083F2C2D0B1D00FEE9CF /* Debug */,
				478408402C2D0B1D00FEE9CF /* Release */,
			);
			defaultConfigurationIsVisible = 0;
			defaultConfigurationName = Release;
		};
/* End XCConfigurationList section */
	};
	rootObject = 4784080B2C2D0B1C00FEE9CF /* Project object */;
}
